{
  "nodes": {
    "advisory-db": {
      "flake": false,
      "locked": {
        "lastModified": 1701193254,
        "narHash": "sha256-Hr7efA3GjwqBkGYKmd3XmGckdPQikbcCmOrq7fmTp3A=",
        "owner": "rustsec",
        "repo": "advisory-db",
        "rev": "43af5fef0591531a72ebb86c5f1c623ee95c62fe",
        "type": "github"
      },
      "original": {
        "owner": "rustsec",
        "repo": "advisory-db",
        "type": "github"
      }
    },
    "crane": {
      "inputs": {
        "nixpkgs": [
          "nixpkgs"
        ]
      },
      "locked": {
        "lastModified": 1701484200,
        "narHash": "sha256-TwMMvkbNozyHmfu/rtItEMscOGT6gwe/zQ++NWeZl1Y=",
        "owner": "ipetkov",
        "repo": "crane",
        "rev": "216e37209b788e68b895c5f1a1d43f6a8206eef2",
        "type": "github"
      },
      "original": {
        "owner": "ipetkov",
        "repo": "crane",
        "type": "github"
      }
    },
    "flake-utils": {
      "inputs": {
        "systems": "systems"
      },
      "locked": {
        "lastModified": 1681202837,
        "narHash": "sha256-H+Rh19JDwRtpVPAWp64F+rlEtxUWBAQW28eAi3SRSzg=",
        "owner": "numtide",
        "repo": "flake-utils",
        "rev": "cfacdce06f30d2b68473a46042957675eebb3401",
        "type": "github"
      },
      "original": {
        "owner": "numtide",
        "repo": "flake-utils",
        "type": "github"
      }
    },
    "nixpkgs": {
      "locked": {
        "lastModified": 1700851152,
        "narHash": "sha256-3PWITNJZyA3jz5IGREJRfSykM6xSLmD8u5A3WpBCyDM=",
        "owner": "nixos",
        "repo": "nixpkgs",
        "rev": "1216a5ba22a93a4a3a3bfdb4bff0f4727c576fcc",
        "type": "github"
      },
      "original": {
        "owner": "nixos",
        "ref": "nixos-23.05",
        "repo": "nixpkgs",
        "type": "github"
      }
    },
    "root": {
      "inputs": {
        "advisory-db": "advisory-db",
        "crane": "crane",
        "flake-utils": [
          "rust-overlay",
          "flake-utils"
        ],
        "nixpkgs": "nixpkgs",
        "rust-overlay": "rust-overlay"
      }
    },
    "rust-overlay": {
      "inputs": {
        "flake-utils": "flake-utils",
        "nixpkgs": [
          "nixpkgs"
        ]
      },
      "locked": {
        "lastModified": 1701483183,
        "narHash": "sha256-MDH3oUajqTaYClCiq1QK7jWVMtMFDJWxVBCFAnkt6J4=",
        "owner": "oxalica",
        "repo": "rust-overlay",
        "rev": "47fe4578cb64a365f400e682a70e054657c42fa5",
        "type": "github"
      },
      "original": {
        "owner": "oxalica",
        "repo": "rust-overlay",
        "type": "github"
      }
    },
    "systems": {
      "locked": {
        "lastModified": 1681028828,
        "narHash": "sha256-Vy1rq5AaRuLzOxct8nz4T6wlgyUR7zLU309k9mBC768=",
        "owner": "nix-systems",
        "repo": "default",
        "rev": "da67096a3b9bf56a91d16901293e51ba5b49a27e",
        "type": "github"
      },
      "original": {
        "owner": "nix-systems",
        "repo": "default",
        "type": "github"
      }
    }
  },
  "root": "root",
  "version": 7
}
